
Microsoft Visual Studio Solution File, Format Version 12.00
# Visual Studio Version 17
VisualStudioVersion = 17.9.34622.214
MinimumVisualStudioVersion = 10.0.40219.1
Project("{FAE04EC0-301F-11D3-BF4B-00C04F79EFBC}") = "Server", "Server.csproj", "{57732A88-6B8D-46C6-B2F8-93E415CF2559}"
EndProject
Project("{FAE04EC0-301F-11D3-BF4B-00C04F79EFBC}") = "Client", "..\Client\Client.csproj", "{750601D0-BBB8-402B-8090-B179CF8BC642}"
EndProject
Global
	GlobalSection(SolutionConfigurationPlatforms) = preSolution
		Debug|Any CPU = Debug|Any CPU
		Release|Any CPU = Release|Any CPU
	EndGlobalSection
	GlobalSection(ProjectConfigurationPlatforms) = postSolution
		{57732A88-6B8D-46C6-B2F8-93E415CF2559}.Debug|Any CPU.ActiveCfg = Debug|Any CPU
		{57732A88-6B8D-46C6-B2F8-93E415CF2559}.Debug|Any CPU.Build.0 = Debug|Any CPU
		{57732A88-6B8D-46C6-B2F8-93E415CF2559}.Release|Any CPU.ActiveCfg = Release|Any CPU
		{57732A88-6B8D-46C6-B2F8-93E415CF2559}.Release|Any CPU.Build.0 = Release|Any CPU
		{750601D0-BBB8-402B-8090-B179CF8BC642}.Debug|Any CPU.ActiveCfg = Debug|Any CPU
		{750601D0-BBB8-402B-8090-B179CF8BC642}.Debug|Any CPU.Build.0 = Debug|Any CPU
		{750601D0-BBB8-402B-8090-B179CF8BC642}.Release|Any CPU.ActiveCfg = Release|Any CPU
		{750601D0-BBB8-402B-8090-B179CF8BC642}.Release|Any CPU.Build.0 = Release|Any CPU
	EndGlobalSection
	GlobalSection(SolutionProperties) = preSolution
		HideSolutionNode = FALSE
	EndGlobalSection
	GlobalSection(ExtensibilityGlobals) = postSolution
		SolutionGuid = {CED73E77-7B97-4EC2-B822-DF7DC0C1C770}
	EndGlobalSection
EndGlobal
